
Microsoft Visual Studio Solution File, Format Version 12.00
# Visual Studio Version 17
VisualStudioVersion = 17.11.35327.3
MinimumVisualStudioVersion = 10.0.40219.1
Project("{9A19103F-16F7-4668-BE54-9A1E7A4F7556}") = "C#4_Lab02-Bai01", "C#4_Lab01\C#4_Lab02-Bai01.csproj", "{9F34507F-E1E9-460E-BDE7-FEF66A1A48AB}"
EndProject
Project("{9A19103F-16F7-4668-BE54-9A1E7A4F7556}") = "Bai02", "Lab02-Bai02-Bai03\Bai02.csproj", "{41BAB013-8BD1-4D7C-B8A7-0B70807085D1}"
EndProject
Project("{9A19103F-16F7-4668-BE54-9A1E7A4F7556}") = "Bai03", "Bai03\Bai03.csproj", "{43246A1E-F0A2-433B-99C8-4843410A4A54}"
EndProject
Global
	GlobalSection(SolutionConfigurationPlatforms) = preSolution
		Debug|Any CPU = Debug|Any CPU
		Release|Any CPU = Release|Any CPU
	EndGlobalSection
	GlobalSection(ProjectConfigurationPlatforms) = postSolution
		{9F34507F-E1E9-460E-BDE7-FEF66A1A48AB}.Debug|Any CPU.ActiveCfg = Debug|Any CPU
		{9F34507F-E1E9-460E-BDE7-FEF66A1A48AB}.Debug|Any CPU.Build.0 = Debug|Any CPU
		{9F34507F-E1E9-460E-BDE7-FEF66A1A48AB}.Release|Any CPU.ActiveCfg = Release|Any CPU
		{9F34507F-E1E9-460E-BDE7-FEF66A1A48AB}.Release|Any CPU.Build.0 = Release|Any CPU
		{41BAB013-8BD1-4D7C-B8A7-0B70807085D1}.Debug|Any CPU.ActiveCfg = Debug|Any CPU
		{41BAB013-8BD1-4D7C-B8A7-0B70807085D1}.Debug|Any CPU.Build.0 = Debug|Any CPU
		{41BAB013-8BD1-4D7C-B8A7-0B70807085D1}.Release|Any CPU.ActiveCfg = Release|Any CPU
		{41BAB013-8BD1-4D7C-B8A7-0B70807085D1}.Release|Any CPU.Build.0 = Release|Any CPU
		{43246A1E-F0A2-433B-99C8-4843410A4A54}.Debug|Any CPU.ActiveCfg = Debug|Any CPU
		{43246A1E-F0A2-433B-99C8-4843410A4A54}.Debug|Any CPU.Build.0 = Debug|Any CPU
		{43246A1E-F0A2-433B-99C8-4843410A4A54}.Release|Any CPU.ActiveCfg = Release|Any CPU
		{43246A1E-F0A2-433B-99C8-4843410A4A54}.Release|Any CPU.Build.0 = Release|Any CPU
	EndGlobalSection
	GlobalSection(SolutionProperties) = preSolution
		HideSolutionNode = FALSE
	EndGlobalSection
	GlobalSection(ExtensibilityGlobals) = postSolution
		SolutionGuid = {D414D8DE-441E-4E15-AF36-7DF138650045}
	EndGlobalSection
EndGlobal
